
Microsoft Visual Studio Solution File, Format Version 12.00
# Visual Studio Version 17
VisualStudioVersion = 17.5.33530.505
MinimumVisualStudioVersion = 10.0.40219.1
Project("{FAE04EC0-301F-11D3-BF4B-00C04F79EFBC}") = "FPII-Junio2019", "FPII-Junio2019.csproj", "{2715CEA4-FAD0-4531-ACC7-81846CFDDE0C}"
EndProject
Global
	GlobalSection(SolutionConfigurationPlatforms) = preSolution
		Debug|Any CPU = Debug|Any CPU
		Release|Any CPU = Release|Any CPU
	EndGlobalSection
	GlobalSection(ProjectConfigurationPlatforms) = postSolution
		{2715CEA4-FAD0-4531-ACC7-81846CFDDE0C}.Debug|Any CPU.ActiveCfg = Debug|Any CPU
		{2715CEA4-FAD0-4531-ACC7-81846CFDDE0C}.Debug|Any CPU.Build.0 = Debug|Any CPU
		{2715CEA4-FAD0-4531-ACC7-81846CFDDE0C}.Release|Any CPU.ActiveCfg = Release|Any CPU
		{2715CEA4-FAD0-4531-ACC7-81846CFDDE0C}.Release|Any CPU.Build.0 = Release|Any CPU
	EndGlobalSection
	GlobalSection(SolutionProperties) = preSolution
		HideSolutionNode = FALSE
	EndGlobalSection
	GlobalSection(ExtensibilityGlobals) = postSolution
		SolutionGuid = {D1D7017D-94FD-47D4-8794-4CF0A8997BD5}
	EndGlobalSection
EndGlobal
